{
  "name": "tblcopy",
  "version": "0.1.1",
  "lockfileVersion": 3,
  "requires": true,
  "packages": {
    "": {
      "name": "tblcopy",
      "version": "0.1.1",
      "license": "MIT",
      "bin": {
        "tblcopy": "src/cli.js"
      },
      "engines": {
        "node": ">=20"
      }
    }
  }
}
